
Microsoft Visual Studio Solution File, Format Version 12.00
# Visual Studio Version 16
VisualStudioVersion = 16.0.30204.135
MinimumVisualStudioVersion = 10.0.40219.1
Project("{2150E333-8FDC-42A3-9474-1A3956D46DE8}") = "0 - Presentation", "0 - Presentation", "{82532CF9-DACA-4830-8326-8F6A8E77367E}"
EndProject
Project("{2150E333-8FDC-42A3-9474-1A3956D46DE8}") = "1 - Services", "1 - Services", "{A87E3199-C4BD-4C1C-95DD-0AAE58BF7A1F}"
EndProject
Project("{2150E333-8FDC-42A3-9474-1A3956D46DE8}") = "2 - Application", "2 - Application", "{90F0AA2D-6560-4728-BD9E-AC6F811682F7}"
EndProject
Project("{2150E333-8FDC-42A3-9474-1A3956D46DE8}") = "3 - Domain", "3 - Domain", "{58C32380-B800-4940-9CCD-0BC980FBF397}"
EndProject
Project("{2150E333-8FDC-42A3-9474-1A3956D46DE8}") = "4 - Data", "4 - Data", "{85666838-ECF8-412E-8F2F-205279B197ED}"
EndProject
Project("{2150E333-8FDC-42A3-9474-1A3956D46DE8}") = "5 - DI", "5 - DI", "{B6DF56E7-0CE0-440D-BC9F-CE941E696FF7}"
EndProject
Project("{2150E333-8FDC-42A3-9474-1A3956D46DE8}") = "4.1 - CrossCutting", "4.1 - CrossCutting", "{38172D1F-EDC4-456D-9B7A-4A585817B32A}"
EndProject
Project("{2150E333-8FDC-42A3-9474-1A3956D46DE8}") = "4.2 - Infra", "4.2 - Infra", "{4B9D2FD3-FD86-4817-97B9-018B32DB259B}"
EndProject
Project("{9A19103F-16F7-4668-BE54-9A1E7A4F7556}") = "Clock.Domain", "Clock.Domain\Clock.Domain.csproj", "{4DCF5D0C-FB2B-4653-BEA9-A89F636FBB94}"
EndProject
Project("{9A19103F-16F7-4668-BE54-9A1E7A4F7556}") = "Clock.Infra", "Clock.Infra\Clock.Infra.csproj", "{44CBA4B3-449C-4990-A60F-43BF3688C3B3}"
EndProject
Project("{9A19103F-16F7-4668-BE54-9A1E7A4F7556}") = "Clock.Application", "Clock.Application\Clock.Application.csproj", "{88E5F9B6-A22D-4FD1-87E0-ED8F6E812164}"
EndProject
Project("{9A19103F-16F7-4668-BE54-9A1E7A4F7556}") = "Clock.Presentation", "Clock.Presentation\Clock.Presentation.csproj", "{0BD940CF-2C2C-4D7C-800E-EF6674D51063}"
EndProject
Project("{9A19103F-16F7-4668-BE54-9A1E7A4F7556}") = "Clock.DI", "Clock.DI\Clock.DI.csproj", "{BF2AAD7B-DB18-4131-AAFF-B5D524220EDC}"
EndProject
Project("{FAE04EC0-301F-11D3-BF4B-00C04F79EFBC}") = "Clock.Auth", "Clock.Auth\Clock.Auth.csproj", "{FEAF52F4-5C88-4406-A41A-99BB1255B4ED}"
EndProject
Global
	GlobalSection(SolutionConfigurationPlatforms) = preSolution
		Debug|Any CPU = Debug|Any CPU
		Release|Any CPU = Release|Any CPU
	EndGlobalSection
	GlobalSection(ProjectConfigurationPlatforms) = postSolution
		{4DCF5D0C-FB2B-4653-BEA9-A89F636FBB94}.Debug|Any CPU.ActiveCfg = Debug|Any CPU
		{4DCF5D0C-FB2B-4653-BEA9-A89F636FBB94}.Debug|Any CPU.Build.0 = Debug|Any CPU
		{4DCF5D0C-FB2B-4653-BEA9-A89F636FBB94}.Release|Any CPU.ActiveCfg = Release|Any CPU
		{4DCF5D0C-FB2B-4653-BEA9-A89F636FBB94}.Release|Any CPU.Build.0 = Release|Any CPU
		{44CBA4B3-449C-4990-A60F-43BF3688C3B3}.Debug|Any CPU.ActiveCfg = Debug|Any CPU
		{44CBA4B3-449C-4990-A60F-43BF3688C3B3}.Debug|Any CPU.Build.0 = Debug|Any CPU
		{44CBA4B3-449C-4990-A60F-43BF3688C3B3}.Release|Any CPU.ActiveCfg = Release|Any CPU
		{44CBA4B3-449C-4990-A60F-43BF3688C3B3}.Release|Any CPU.Build.0 = Release|Any CPU
		{88E5F9B6-A22D-4FD1-87E0-ED8F6E812164}.Debug|Any CPU.ActiveCfg = Debug|Any CPU
		{88E5F9B6-A22D-4FD1-87E0-ED8F6E812164}.Debug|Any CPU.Build.0 = Debug|Any CPU
		{88E5F9B6-A22D-4FD1-87E0-ED8F6E812164}.Release|Any CPU.ActiveCfg = Release|Any CPU
		{88E5F9B6-A22D-4FD1-87E0-ED8F6E812164}.Release|Any CPU.Build.0 = Release|Any CPU
		{0BD940CF-2C2C-4D7C-800E-EF6674D51063}.Debug|Any CPU.ActiveCfg = Debug|Any CPU
		{0BD940CF-2C2C-4D7C-800E-EF6674D51063}.Debug|Any CPU.Build.0 = Debug|Any CPU
		{0BD940CF-2C2C-4D7C-800E-EF6674D51063}.Release|Any CPU.ActiveCfg = Release|Any CPU
		{0BD940CF-2C2C-4D7C-800E-EF6674D51063}.Release|Any CPU.Build.0 = Release|Any CPU
		{BF2AAD7B-DB18-4131-AAFF-B5D524220EDC}.Debug|Any CPU.ActiveCfg = Debug|Any CPU
		{BF2AAD7B-DB18-4131-AAFF-B5D524220EDC}.Debug|Any CPU.Build.0 = Debug|Any CPU
		{BF2AAD7B-DB18-4131-AAFF-B5D524220EDC}.Release|Any CPU.ActiveCfg = Release|Any CPU
		{BF2AAD7B-DB18-4131-AAFF-B5D524220EDC}.Release|Any CPU.Build.0 = Release|Any CPU
		{FEAF52F4-5C88-4406-A41A-99BB1255B4ED}.Debug|Any CPU.ActiveCfg = Debug|Any CPU
		{FEAF52F4-5C88-4406-A41A-99BB1255B4ED}.Debug|Any CPU.Build.0 = Debug|Any CPU
		{FEAF52F4-5C88-4406-A41A-99BB1255B4ED}.Release|Any CPU.ActiveCfg = Release|Any CPU
		{FEAF52F4-5C88-4406-A41A-99BB1255B4ED}.Release|Any CPU.Build.0 = Release|Any CPU
	EndGlobalSection
	GlobalSection(SolutionProperties) = preSolution
		HideSolutionNode = FALSE
	EndGlobalSection
	GlobalSection(NestedProjects) = preSolution
		{38172D1F-EDC4-456D-9B7A-4A585817B32A} = {85666838-ECF8-412E-8F2F-205279B197ED}
		{4B9D2FD3-FD86-4817-97B9-018B32DB259B} = {85666838-ECF8-412E-8F2F-205279B197ED}
		{4DCF5D0C-FB2B-4653-BEA9-A89F636FBB94} = {58C32380-B800-4940-9CCD-0BC980FBF397}
		{44CBA4B3-449C-4990-A60F-43BF3688C3B3} = {4B9D2FD3-FD86-4817-97B9-018B32DB259B}
		{88E5F9B6-A22D-4FD1-87E0-ED8F6E812164} = {90F0AA2D-6560-4728-BD9E-AC6F811682F7}
		{0BD940CF-2C2C-4D7C-800E-EF6674D51063} = {82532CF9-DACA-4830-8326-8F6A8E77367E}
		{BF2AAD7B-DB18-4131-AAFF-B5D524220EDC} = {B6DF56E7-0CE0-440D-BC9F-CE941E696FF7}
		{FEAF52F4-5C88-4406-A41A-99BB1255B4ED} = {38172D1F-EDC4-456D-9B7A-4A585817B32A}
	EndGlobalSection
	GlobalSection(ExtensibilityGlobals) = postSolution
		SolutionGuid = {24EA3F31-0280-4D16-96B8-966E26E8A808}
	EndGlobalSection
EndGlobal
